
Microsoft Visual Studio Solution File, Format Version 12.00
# Visual Studio Version 16
VisualStudioVersion = 16.0.31911.196
MinimumVisualStudioVersion = 10.0.40219.1
Project("{FAE04EC0-301F-11D3-BF4B-00C04F79EFBC}") = "PatientCareAPI", "PatientCareAPI\PatientCareAPI.csproj", "{EC7A31C4-3CF1-438C-84BB-3FA45D7B388B}"
EndProject
Project("{9A19103F-16F7-4668-BE54-9A1E7A4F7556}") = "PatientCareUIApp", "PatientCareUIApp\PatientCareUIApp.csproj", "{6713EE44-00CD-4382-A8C6-0AB847F2CAE0}"
EndProject
Project("{9A19103F-16F7-4668-BE54-9A1E7A4F7556}") = "PatientCareBL", "PatientCareBL\PatientCareBL.csproj", "{DE07D5EB-7BAB-49CC-B10F-F59E067ED442}"
EndProject
Global
	GlobalSection(SolutionConfigurationPlatforms) = preSolution
		Debug|Any CPU = Debug|Any CPU
		Release|Any CPU = Release|Any CPU
	EndGlobalSection
	GlobalSection(ProjectConfigurationPlatforms) = postSolution
		{EC7A31C4-3CF1-438C-84BB-3FA45D7B388B}.Debug|Any CPU.ActiveCfg = Debug|Any CPU
		{EC7A31C4-3CF1-438C-84BB-3FA45D7B388B}.Debug|Any CPU.Build.0 = Debug|Any CPU
		{EC7A31C4-3CF1-438C-84BB-3FA45D7B388B}.Release|Any CPU.ActiveCfg = Release|Any CPU
		{EC7A31C4-3CF1-438C-84BB-3FA45D7B388B}.Release|Any CPU.Build.0 = Release|Any CPU
		{6713EE44-00CD-4382-A8C6-0AB847F2CAE0}.Debug|Any CPU.ActiveCfg = Debug|Any CPU
		{6713EE44-00CD-4382-A8C6-0AB847F2CAE0}.Debug|Any CPU.Build.0 = Debug|Any CPU
		{6713EE44-00CD-4382-A8C6-0AB847F2CAE0}.Release|Any CPU.ActiveCfg = Release|Any CPU
		{6713EE44-00CD-4382-A8C6-0AB847F2CAE0}.Release|Any CPU.Build.0 = Release|Any CPU
		{DE07D5EB-7BAB-49CC-B10F-F59E067ED442}.Debug|Any CPU.ActiveCfg = Debug|Any CPU
		{DE07D5EB-7BAB-49CC-B10F-F59E067ED442}.Debug|Any CPU.Build.0 = Debug|Any CPU
		{DE07D5EB-7BAB-49CC-B10F-F59E067ED442}.Release|Any CPU.ActiveCfg = Release|Any CPU
		{DE07D5EB-7BAB-49CC-B10F-F59E067ED442}.Release|Any CPU.Build.0 = Release|Any CPU
	EndGlobalSection
	GlobalSection(SolutionProperties) = preSolution
		HideSolutionNode = FALSE
	EndGlobalSection
	GlobalSection(ExtensibilityGlobals) = postSolution
		SolutionGuid = {4BA560EA-C95E-4E64-B20F-D570C474F729}
	EndGlobalSection
EndGlobal
